
Microsoft Visual Studio Solution File, Format Version 12.00
# Visual Studio Version 16
VisualStudioVersion = 16.0.31624.102
MinimumVisualStudioVersion = 10.0.40219.1
Project("{8BC9CEB8-8B4A-11D0-8D11-00A0C91BC942}") = "VideoCapture", "VideoCapture\VideoCapture.vcxproj", "{92125893-CB29-4C24-A7FF-9C97B51BBEAF}"
EndProject
Project("{8BC9CEB8-8B4A-11D0-8D11-00A0C91BC942}") = "CaptureDemo", "CaptureDemo\CaptureDemo.vcxproj", "{018F6F0F-E005-437D-84FC-286B33ABE73D}"
EndProject
Project("{8BC9CEB8-8B4A-11D0-8D11-00A0C91BC942}") = "YunFanVideoSource", "YunFanVideoSource\YunFanVideoSource.vcxproj", "{F349B0D9-2ECB-4FCE-B209-15B4DBF49E9E}"
EndProject
Project("{8BC9CEB8-8B4A-11D0-8D11-00A0C91BC942}") = "QvodFFmpegMux", "QvodFFmpegMux\QvodFFmpegMux.vcxproj", "{B69C3FBB-476D-4507-9D55-5E89B86FDCD5}"
EndProject
Project("{8BC9CEB8-8B4A-11D0-8D11-00A0C91BC942}") = "MediaHook", "MediaHook\MediaHook.vcxproj", "{97B85604-07C6-4E2B-B52E-E4ED6A67BAFB}"
EndProject
Project("{8BC9CEB8-8B4A-11D0-8D11-00A0C91BC942}") = "AudioHookSource", "AudioHookSource\AudioHookSource.vcxproj", "{CCC69ED0-7D86-4D99-A9BE-7DCD824096D7}"
EndProject
Project("{8BC9CEB8-8B4A-11D0-8D11-00A0C91BC942}") = "HookAPI", "HookAPI\HookAPI.vcxproj", "{6433BD16-6C84-41E1-8E13-92C59A6441DA}"
EndProject
Project("{8BC9CEB8-8B4A-11D0-8D11-00A0C91BC942}") = "HookApp", "HookApp\HookApp.vcxproj", "{75F3D860-0834-498B-8D07-35CE80FD4C03}"
EndProject
Project("{8BC9CEB8-8B4A-11D0-8D11-00A0C91BC942}") = "PlayEngine", "PlayEngine\PlayEngine.vcxproj", "{0D18B120-426B-485C-844E-F5BD9228DF59}"
EndProject
Project("{8BC9CEB8-8B4A-11D0-8D11-00A0C91BC942}") = "BaseClasses", "BaseClasses\baseclasses.vcxproj", "{E8A3F6FA-AE1C-4C8E-A0B6-9C8480324EAA}"
EndProject
Global
	GlobalSection(SolutionConfigurationPlatforms) = preSolution
		Debug_MBCS|Win32 = Debug_MBCS|Win32
		Debug|Win32 = Debug|Win32
		Release_MBCS|Win32 = Release_MBCS|Win32
		Release|Win32 = Release|Win32
	EndGlobalSection
	GlobalSection(ProjectConfigurationPlatforms) = postSolution
		{92125893-CB29-4C24-A7FF-9C97B51BBEAF}.Debug_MBCS|Win32.ActiveCfg = Debug|Win32
		{92125893-CB29-4C24-A7FF-9C97B51BBEAF}.Debug_MBCS|Win32.Build.0 = Debug|Win32
		{92125893-CB29-4C24-A7FF-9C97B51BBEAF}.Debug|Win32.ActiveCfg = Debug|Win32
		{92125893-CB29-4C24-A7FF-9C97B51BBEAF}.Debug|Win32.Build.0 = Debug|Win32
		{92125893-CB29-4C24-A7FF-9C97B51BBEAF}.Release_MBCS|Win32.ActiveCfg = Release|Win32
		{92125893-CB29-4C24-A7FF-9C97B51BBEAF}.Release_MBCS|Win32.Build.0 = Release|Win32
		{92125893-CB29-4C24-A7FF-9C97B51BBEAF}.Release|Win32.ActiveCfg = Release|Win32
		{92125893-CB29-4C24-A7FF-9C97B51BBEAF}.Release|Win32.Build.0 = Release|Win32
		{018F6F0F-E005-437D-84FC-286B33ABE73D}.Debug_MBCS|Win32.ActiveCfg = Debug|Win32
		{018F6F0F-E005-437D-84FC-286B33ABE73D}.Debug_MBCS|Win32.Build.0 = Debug|Win32
		{018F6F0F-E005-437D-84FC-286B33ABE73D}.Debug|Win32.ActiveCfg = Debug|Win32
		{018F6F0F-E005-437D-84FC-286B33ABE73D}.Debug|Win32.Build.0 = Debug|Win32
		{018F6F0F-E005-437D-84FC-286B33ABE73D}.Release_MBCS|Win32.ActiveCfg = Release|Win32
		{018F6F0F-E005-437D-84FC-286B33ABE73D}.Release_MBCS|Win32.Build.0 = Release|Win32
		{018F6F0F-E005-437D-84FC-286B33ABE73D}.Release|Win32.ActiveCfg = Release|Win32
		{018F6F0F-E005-437D-84FC-286B33ABE73D}.Release|Win32.Build.0 = Release|Win32
		{F349B0D9-2ECB-4FCE-B209-15B4DBF49E9E}.Debug_MBCS|Win32.ActiveCfg = Debug|Win32
		{F349B0D9-2ECB-4FCE-B209-15B4DBF49E9E}.Debug_MBCS|Win32.Build.0 = Debug|Win32
		{F349B0D9-2ECB-4FCE-B209-15B4DBF49E9E}.Debug|Win32.ActiveCfg = Debug|Win32
		{F349B0D9-2ECB-4FCE-B209-15B4DBF49E9E}.Debug|Win32.Build.0 = Debug|Win32
		{F349B0D9-2ECB-4FCE-B209-15B4DBF49E9E}.Release_MBCS|Win32.ActiveCfg = Release|Win32
		{F349B0D9-2ECB-4FCE-B209-15B4DBF49E9E}.Release_MBCS|Win32.Build.0 = Release|Win32
		{F349B0D9-2ECB-4FCE-B209-15B4DBF49E9E}.Release|Win32.ActiveCfg = Release|Win32
		{F349B0D9-2ECB-4FCE-B209-15B4DBF49E9E}.Release|Win32.Build.0 = Release|Win32
		{B69C3FBB-476D-4507-9D55-5E89B86FDCD5}.Debug_MBCS|Win32.ActiveCfg = Debug|Win32
		{B69C3FBB-476D-4507-9D55-5E89B86FDCD5}.Debug_MBCS|Win32.Build.0 = Debug|Win32
		{B69C3FBB-476D-4507-9D55-5E89B86FDCD5}.Debug|Win32.ActiveCfg = Debug|Win32
		{B69C3FBB-476D-4507-9D55-5E89B86FDCD5}.Debug|Win32.Build.0 = Debug|Win32
		{B69C3FBB-476D-4507-9D55-5E89B86FDCD5}.Release_MBCS|Win32.ActiveCfg = Release|Win32
		{B69C3FBB-476D-4507-9D55-5E89B86FDCD5}.Release_MBCS|Win32.Build.0 = Release|Win32
		{B69C3FBB-476D-4507-9D55-5E89B86FDCD5}.Release|Win32.ActiveCfg = Release|Win32
		{B69C3FBB-476D-4507-9D55-5E89B86FDCD5}.Release|Win32.Build.0 = Release|Win32
		{97B85604-07C6-4E2B-B52E-E4ED6A67BAFB}.Debug_MBCS|Win32.ActiveCfg = Debug|Win32
		{97B85604-07C6-4E2B-B52E-E4ED6A67BAFB}.Debug_MBCS|Win32.Build.0 = Debug|Win32
		{97B85604-07C6-4E2B-B52E-E4ED6A67BAFB}.Debug|Win32.ActiveCfg = Debug|Win32
		{97B85604-07C6-4E2B-B52E-E4ED6A67BAFB}.Debug|Win32.Build.0 = Debug|Win32
		{97B85604-07C6-4E2B-B52E-E4ED6A67BAFB}.Release_MBCS|Win32.ActiveCfg = Release|Win32
		{97B85604-07C6-4E2B-B52E-E4ED6A67BAFB}.Release_MBCS|Win32.Build.0 = Release|Win32
		{97B85604-07C6-4E2B-B52E-E4ED6A67BAFB}.Release|Win32.ActiveCfg = Release|Win32
		{97B85604-07C6-4E2B-B52E-E4ED6A67BAFB}.Release|Win32.Build.0 = Release|Win32
		{CCC69ED0-7D86-4D99-A9BE-7DCD824096D7}.Debug_MBCS|Win32.ActiveCfg = Debug|Win32
		{CCC69ED0-7D86-4D99-A9BE-7DCD824096D7}.Debug_MBCS|Win32.Build.0 = Debug|Win32
		{CCC69ED0-7D86-4D99-A9BE-7DCD824096D7}.Debug|Win32.ActiveCfg = Debug|Win32
		{CCC69ED0-7D86-4D99-A9BE-7DCD824096D7}.Debug|Win32.Build.0 = Debug|Win32
		{CCC69ED0-7D86-4D99-A9BE-7DCD824096D7}.Release_MBCS|Win32.ActiveCfg = Release|Win32
		{CCC69ED0-7D86-4D99-A9BE-7DCD824096D7}.Release_MBCS|Win32.Build.0 = Release|Win32
		{CCC69ED0-7D86-4D99-A9BE-7DCD824096D7}.Release|Win32.ActiveCfg = Release|Win32
		{CCC69ED0-7D86-4D99-A9BE-7DCD824096D7}.Release|Win32.Build.0 = Release|Win32
		{6433BD16-6C84-41E1-8E13-92C59A6441DA}.Debug_MBCS|Win32.ActiveCfg = Debug|Win32
		{6433BD16-6C84-41E1-8E13-92C59A6441DA}.Debug_MBCS|Win32.Build.0 = Debug|Win32
		{6433BD16-6C84-41E1-8E13-92C59A6441DA}.Debug|Win32.ActiveCfg = Debug|Win32
		{6433BD16-6C84-41E1-8E13-92C59A6441DA}.Debug|Win32.Build.0 = Debug|Win32
		{6433BD16-6C84-41E1-8E13-92C59A6441DA}.Release_MBCS|Win32.ActiveCfg = Release|Win32
		{6433BD16-6C84-41E1-8E13-92C59A6441DA}.Release_MBCS|Win32.Build.0 = Release|Win32
		{6433BD16-6C84-41E1-8E13-92C59A6441DA}.Release|Win32.ActiveCfg = Release|Win32
		{6433BD16-6C84-41E1-8E13-92C59A6441DA}.Release|Win32.Build.0 = Release|Win32
		{75F3D860-0834-498B-8D07-35CE80FD4C03}.Debug_MBCS|Win32.ActiveCfg = Debug|Win32
		{75F3D860-0834-498B-8D07-35CE80FD4C03}.Debug_MBCS|Win32.Build.0 = Debug|Win32
		{75F3D860-0834-498B-8D07-35CE80FD4C03}.Debug|Win32.ActiveCfg = Debug|Win32
		{75F3D860-0834-498B-8D07-35CE80FD4C03}.Debug|Win32.Build.0 = Debug|Win32
		{75F3D860-0834-498B-8D07-35CE80FD4C03}.Release_MBCS|Win32.ActiveCfg = Release|Win32
		{75F3D860-0834-498B-8D07-35CE80FD4C03}.Release_MBCS|Win32.Build.0 = Release|Win32
		{75F3D860-0834-498B-8D07-35CE80FD4C03}.Release|Win32.ActiveCfg = Release|Win32
		{75F3D860-0834-498B-8D07-35CE80FD4C03}.Release|Win32.Build.0 = Release|Win32
		{0D18B120-426B-485C-844E-F5BD9228DF59}.Debug_MBCS|Win32.ActiveCfg = Debug|Win32
		{0D18B120-426B-485C-844E-F5BD9228DF59}.Debug_MBCS|Win32.Build.0 = Debug|Win32
		{0D18B120-426B-485C-844E-F5BD9228DF59}.Debug|Win32.ActiveCfg = Debug|Win32
		{0D18B120-426B-485C-844E-F5BD9228DF59}.Debug|Win32.Build.0 = Debug|Win32
		{0D18B120-426B-485C-844E-F5BD9228DF59}.Release_MBCS|Win32.ActiveCfg = Release|Win32
		{0D18B120-426B-485C-844E-F5BD9228DF59}.Release_MBCS|Win32.Build.0 = Release|Win32
		{0D18B120-426B-485C-844E-F5BD9228DF59}.Release|Win32.ActiveCfg = Release|Win32
		{0D18B120-426B-485C-844E-F5BD9228DF59}.Release|Win32.Build.0 = Release|Win32
		{E8A3F6FA-AE1C-4C8E-A0B6-9C8480324EAA}.Debug_MBCS|Win32.ActiveCfg = Debug_MBCS|Win32
		{E8A3F6FA-AE1C-4C8E-A0B6-9C8480324EAA}.Debug_MBCS|Win32.Build.0 = Debug_MBCS|Win32
		{E8A3F6FA-AE1C-4C8E-A0B6-9C8480324EAA}.Debug|Win32.ActiveCfg = Debug|Win32
		{E8A3F6FA-AE1C-4C8E-A0B6-9C8480324EAA}.Debug|Win32.Build.0 = Debug|Win32
		{E8A3F6FA-AE1C-4C8E-A0B6-9C8480324EAA}.Release_MBCS|Win32.ActiveCfg = Release_MBCS|Win32
		{E8A3F6FA-AE1C-4C8E-A0B6-9C8480324EAA}.Release_MBCS|Win32.Build.0 = Release_MBCS|Win32
		{E8A3F6FA-AE1C-4C8E-A0B6-9C8480324EAA}.Release|Win32.ActiveCfg = Release|Win32
		{E8A3F6FA-AE1C-4C8E-A0B6-9C8480324EAA}.Release|Win32.Build.0 = Release|Win32
	EndGlobalSection
	GlobalSection(SolutionProperties) = preSolution
		HideSolutionNode = FALSE
	EndGlobalSection
	GlobalSection(ExtensibilityGlobals) = postSolution
		SolutionGuid = {F4F8127B-9046-4C4B-B529-E06C945A0F9A}
	EndGlobalSection
EndGlobal
